golang.org/x/mod v0.6.0-dev.0.20220106191415-9b9b3d81d5e3 h1:kQgndtyPBW/JIYERgdxfwMYh3AVStj88WQTlNDi2a+o=
golang.org/x/mod v0.6.0-dev.0.20220106191415-9b9b3d81d5e3/go.mod h1:3p9vT2HGsQu2K1YbXdKPJLVgG5VJdoTa1poYQBtP1AY=
golang.org/x/sys v0.0.0-20220422013727-9388b58f7150 h1:xHms4gcpe1YE7A3yIllJXP16CMAGuqwO2lX1mTyyRRc=
golang.org/x/sys v0.0.0-20220422013727-9388b58f7150/go.mod h1:oPkhp1MJrh7nUepCBck5+mAzfO9JrbApNNgaTdGDITg=
golang.org/x/tools v0.1.10 h1:QjFRCZxdOhBJ/UNgnBZLbNV13DlbnK0quyivTnXJM20=
golang.org/x/tools v0.1.10/go.mod h1:Uh6Zz+xoGYZom868N8YTex3t7RhtHDBrE8Gzo9bV56E=
golang.org/x/xerrors v0.0.0-20220411194840-2f41105eb62f h1:GGU+dLjvlC3qDwqYgL6UgRmHXhOOgns0bZu2Ty5mm6U=
golang.org/x/xerrors v0.0.0-20220411194840-2f41105eb62f/go.mod h1:I/5z698sn9Ka8TeJc9MKroUUfqBBauWjQqLJ2OPfmY0=
